
Microsoft Visual Studio Solution File, Format Version 12.00
# Visual Studio 15
VisualStudioVersion = 15.0.28307.136
MinimumVisualStudioVersion = 10.0.40219.1
Project("{FAE04EC0-301F-11D3-BF4B-00C04F79EFBC}") = "ecommerceLite", "ecommerceLite\ecommerceLite.csproj", "{3C6EEDB7-5638-4A6F-A04D-817C5A3EA933}"
EndProject
Global
	GlobalSection(SolutionConfigurationPlatforms) = preSolution
		Debug|Any CPU = Debug|Any CPU
		Release|Any CPU = Release|Any CPU
	EndGlobalSection
	GlobalSection(ProjectConfigurationPlatforms) = postSolution
		{3C6EEDB7-5638-4A6F-A04D-817C5A3EA933}.Debug|Any CPU.ActiveCfg = Debug|Any CPU
		{3C6EEDB7-5638-4A6F-A04D-817C5A3EA933}.Debug|Any CPU.Build.0 = Debug|Any CPU
		{3C6EEDB7-5638-4A6F-A04D-817C5A3EA933}.Release|Any CPU.ActiveCfg = Release|Any CPU
		{3C6EEDB7-5638-4A6F-A04D-817C5A3EA933}.Release|Any CPU.Build.0 = Release|Any CPU
	EndGlobalSection
	GlobalSection(SolutionProperties) = preSolution
		HideSolutionNode = FALSE
	EndGlobalSection
	GlobalSection(ExtensibilityGlobals) = postSolution
		SolutionGuid = {D4E8DD5C-9282-482E-BF6F-E77C75321DA1}
	EndGlobalSection
EndGlobal
